{
  "requires": true,
  "lockfileVersion": 1,
  "dependencies": {
    "requst": {
      "version": "0.0.1-security",
      "resolved": "https://registry.npmjs.org/requst/-/requst-0.0.1-security.tgz",
      "integrity": "sha512-tP3VNm8fYI7S4o7qtl6oAdARnnpnMV8HdrjtLr8yjYt2opAF/VbT6uGUpCGoBMiGjW1oU/ENzp0lLwkVGxyLNw=="
    }
  }
}
